
Microsoft Visual Studio Solution File, Format Version 12.00
# Visual Studio Version 18
VisualStudioVersion = 18.2.11415.280
MinimumVisualStudioVersion = 10.0.40219.1
Project("{FAE04EC0-301F-11D3-BF4B-00C04F79EFBC}") = "AccountingPortfolio", "AccountingPortfolio.csproj", "{430A72B2-6957-6CDE-036F-1DA92FB7316A}"
EndProject
Global
	GlobalSection(SolutionConfigurationPlatforms) = preSolution
		Debug|Any CPU = Debug|Any CPU
		Release|Any CPU = Release|Any CPU
	EndGlobalSection
	GlobalSection(ProjectConfigurationPlatforms) = postSolution
		{430A72B2-6957-6CDE-036F-1DA92FB7316A}.Debug|Any CPU.ActiveCfg = Debug|Any CPU
		{430A72B2-6957-6CDE-036F-1DA92FB7316A}.Debug|Any CPU.Build.0 = Debug|Any CPU
		{430A72B2-6957-6CDE-036F-1DA92FB7316A}.Release|Any CPU.ActiveCfg = Release|Any CPU
		{430A72B2-6957-6CDE-036F-1DA92FB7316A}.Release|Any CPU.Build.0 = Release|Any CPU
	EndGlobalSection
	GlobalSection(SolutionProperties) = preSolution
		HideSolutionNode = FALSE
	EndGlobalSection
	GlobalSection(ExtensibilityGlobals) = postSolution
		SolutionGuid = {220374B6-8EFF-4743-AB03-5A369295F1AC}
	EndGlobalSection
EndGlobal
